
Microsoft Visual Studio Solution File, Format Version 12.00
# Visual Studio Version 17
VisualStudioVersion = 17.9.34714.143
MinimumVisualStudioVersion = 10.0.40219.1
Project("{FAE04EC0-301F-11D3-BF4B-00C04F79EFBC}") = "QLTKNH5", "QLTKNH5\QLTKNH5.csproj", "{5CFA850A-B866-4E7C-864E-598C2C584906}"
EndProject
Global
	GlobalSection(SolutionConfigurationPlatforms) = preSolution
		Debug|Any CPU = Debug|Any CPU
		Release|Any CPU = Release|Any CPU
	EndGlobalSection
	GlobalSection(ProjectConfigurationPlatforms) = postSolution
		{5CFA850A-B866-4E7C-864E-598C2C584906}.Debug|Any CPU.ActiveCfg = Debug|Any CPU
		{5CFA850A-B866-4E7C-864E-598C2C584906}.Debug|Any CPU.Build.0 = Debug|Any CPU
		{5CFA850A-B866-4E7C-864E-598C2C584906}.Release|Any CPU.ActiveCfg = Release|Any CPU
		{5CFA850A-B866-4E7C-864E-598C2C584906}.Release|Any CPU.Build.0 = Release|Any CPU
	EndGlobalSection
	GlobalSection(SolutionProperties) = preSolution
		HideSolutionNode = FALSE
	EndGlobalSection
	GlobalSection(ExtensibilityGlobals) = postSolution
		SolutionGuid = {593C0735-2F78-4985-A1E0-41C311D872E5}
	EndGlobalSection
EndGlobal
